{
  "nodes": {
    "nixpkgs": {
      "locked": {
        "lastModified": 1790627397,
        "narHash": "sha256-FR/2kcKc93aTu10JDpVSa34lsq0OQuRQHbxcFQ9qO50=",
        "owner": "NixOS",
        "repo": "nixpkgs",
        "rev": "770938f1af42c1a7538cb55759a0666a653ada58",
        "type": "github"
      },
      "original": {
        "owner": "NixOS",
        "repo": "nixpkgs",
        "rev": "770938f1af42c1a7538cb55759a0666a653ada58",
        "type": "github"
      }
    },
    "root": {
      "inputs": {
        "nixpkgs": "nixpkgs"
      }
    }
  },
  "root": "root",
  "version": 7
}
